
Microsoft Visual Studio Solution File, Format Version 12.00
# Visual Studio 2012
Project("{8BC9CEB8-8B4A-11D0-8D11-00A0C91BC942}") = "she", "she\she.vcxproj", "{091814D7-7C0D-40C9-9C5B-8BE178067DF1}"
EndProject
Global
	GlobalSection(SolutionConfigurationPlatforms) = preSolution
		Debug|Win32 = Debug|Win32
		Release|Win32 = Release|Win32
	EndGlobalSection
	GlobalSection(ProjectConfigurationPlatforms) = postSolution
		{091814D7-7C0D-40C9-9C5B-8BE178067DF1}.Debug|Win32.ActiveCfg = Debug|Win32
		{091814D7-7C0D-40C9-9C5B-8BE178067DF1}.Debug|Win32.Build.0 = Debug|Win32
		{091814D7-7C0D-40C9-9C5B-8BE178067DF1}.Release|Win32.ActiveCfg = Release|Win32
		{091814D7-7C0D-40C9-9C5B-8BE178067DF1}.Release|Win32.Build.0 = Release|Win32
	EndGlobalSection
	GlobalSection(SolutionProperties) = preSolution
		HideSolutionNode = FALSE
	EndGlobalSection
EndGlobal
